
Microsoft Visual Studio Solution File, Format Version 12.00
# Visual Studio Version 17
VisualStudioVersion = 17.0.31903.59
MinimumVisualStudioVersion = 10.0.40219.1
Project("{2150E333-8FDC-42A3-9474-1A3956D46DE8}") = "src", "src", "{422CAF39-F893-4EE0-BE3D-7F6815111F29}"
EndProject
Project("{FAE04EC0-301F-11D3-BF4B-00C04F79EFBC}") = "mod.two.lib", "src\mod.two.lib\mod.two.lib.csproj", "{821795A9-1EC7-4177-B5F6-44E55BE9CAA7}"
EndProject
Global
	GlobalSection(SolutionConfigurationPlatforms) = preSolution
		Debug|Any CPU = Debug|Any CPU
		Release|Any CPU = Release|Any CPU
	EndGlobalSection
	GlobalSection(SolutionProperties) = preSolution
		HideSolutionNode = FALSE
	EndGlobalSection
	GlobalSection(ProjectConfigurationPlatforms) = postSolution
		{821795A9-1EC7-4177-B5F6-44E55BE9CAA7}.Debug|Any CPU.ActiveCfg = Debug|Any CPU
		{821795A9-1EC7-4177-B5F6-44E55BE9CAA7}.Debug|Any CPU.Build.0 = Debug|Any CPU
		{821795A9-1EC7-4177-B5F6-44E55BE9CAA7}.Release|Any CPU.ActiveCfg = Release|Any CPU
		{821795A9-1EC7-4177-B5F6-44E55BE9CAA7}.Release|Any CPU.Build.0 = Release|Any CPU
	EndGlobalSection
	GlobalSection(NestedProjects) = preSolution
		{821795A9-1EC7-4177-B5F6-44E55BE9CAA7} = {422CAF39-F893-4EE0-BE3D-7F6815111F29}
	EndGlobalSection
EndGlobal
